
Microsoft Visual Studio Solution File, Format Version 12.00
# Visual Studio Version 16
VisualStudioVersion = 16.0.30517.126
MinimumVisualStudioVersion = 10.0.40219.1
Project("{FAE04EC0-301F-11D3-BF4B-00C04F79EFBC}") = "APIIntro", "APIIntro\APIIntro.csproj", "{A714E0F6-F707-446D-AF99-8AFA0AA12E07}"
EndProject
Global
	GlobalSection(SolutionConfigurationPlatforms) = preSolution
		Debug|Any CPU = Debug|Any CPU
		Release|Any CPU = Release|Any CPU
	EndGlobalSection
	GlobalSection(ProjectConfigurationPlatforms) = postSolution
		{A714E0F6-F707-446D-AF99-8AFA0AA12E07}.Debug|Any CPU.ActiveCfg = Debug|Any CPU
		{A714E0F6-F707-446D-AF99-8AFA0AA12E07}.Debug|Any CPU.Build.0 = Debug|Any CPU
		{A714E0F6-F707-446D-AF99-8AFA0AA12E07}.Release|Any CPU.ActiveCfg = Release|Any CPU
		{A714E0F6-F707-446D-AF99-8AFA0AA12E07}.Release|Any CPU.Build.0 = Release|Any CPU
	EndGlobalSection
	GlobalSection(SolutionProperties) = preSolution
		HideSolutionNode = FALSE
	EndGlobalSection
	GlobalSection(ExtensibilityGlobals) = postSolution
		SolutionGuid = {C8EAF8BC-985D-414D-88DD-58D518F987D5}
	EndGlobalSection
EndGlobal
